{
  "name": "must",
  "version": "1.0.0",
  "lockfileVersion": 1,
  "requires": true,
  "dependencies": {
    "@vant/weapp": {
      "version": "1.10.3",
      "resolved": "https://registry.npmmirror.com/@vant/weapp/-/weapp-1.10.3.tgz",
      "integrity": "sha512-CcG5umI+zlJRN6hQXPeknOenPkVm6WBEgBaB6Y94kOmKLx9NHtHBdURwxuJEA4q4mxhUdOuf6sV7I8tZBnCVxw=="
    },
    "after": {
      "version": "0.8.2",
      "resolved": "https://registry.npmmirror.com/after/-/after-0.8.2.tgz",
      "integrity": "sha512-QbJ0NTQ/I9DI3uSJA4cbexiwQeRAfjPScqIbSjUDd9TOrcg6pTkdgziesOqxBMBzit8vFCTwrP27t13vFOORRA=="
    },
    "dom-events": {
      "version": "0.1.1",
      "resolved": "https://registry.npmmirror.com/dom-events/-/dom-events-0.1.1.tgz",
      "integrity": "sha512-AH4G+te/BZxOMrhx+Rx4FEeZCOt0bCJ3bgGzJYeY6zpGiz0BDfPnDSwcF94sPFoJ+xA5Sp/ujcqwSrjoJYSLdg==",
      "requires": {
        "synthetic-dom-events": "0.1.1"
      }
    },
    "image-cropper": {
      "version": "1.0.1",
      "resolved": "https://registry.npmmirror.com/image-cropper/-/image-cropper-1.0.1.tgz",
      "integrity": "sha512-FYEap0v7oo337E9KBlyyEXL22uAxA6Tu7PbjUOmTAyjOdKWnXQniM5dSejCR7JZWiae6zdlm2JWYzKjdwZjg7A==",
      "requires": {
        "after": "^0.8.1",
        "dom-events": "^0.1.1",
        "image-loaded": "0.0.2"
      }
    },
    "image-loaded": {
      "version": "0.0.2",
      "resolved": "https://registry.npmmirror.com/image-loaded/-/image-loaded-0.0.2.tgz",
      "integrity": "sha512-Yd5k7ThNAmH1WSHreQw97NBUzI8qddLQTIykRA2KIqIqt33pMhbXZnasbHwhXcPZtS3lp2iRZGrF8ORdJ8KbhQ=="
    },
    "synthetic-dom-events": {
      "version": "0.1.1",
      "resolved": "https://registry.npmmirror.com/synthetic-dom-events/-/synthetic-dom-events-0.1.1.tgz",
      "integrity": "sha512-VnRYhnvq5Aw+4GB4kx8x2eiVq2hazsOLYfAc7ccVXuubR9HBB7fZexpvqAOQCHRBzytJfkV3Zu1lp43YLydSgA=="
    }
  }
}
